
Microsoft Visual Studio Solution File, Format Version 12.00
# Visual Studio Version 17
VisualStudioVersion = 17.11.35312.102
MinimumVisualStudioVersion = 10.0.40219.1
Project("{FAE04EC0-301F-11D3-BF4B-00C04F79EFBC}") = "Proyecto1", "Proyecto1.csproj", "{EA2E5BA0-0B75-41FA-B9E4-137041472617}"
EndProject
Global
	GlobalSection(SolutionConfigurationPlatforms) = preSolution
		Debug|Any CPU = Debug|Any CPU
		Release|Any CPU = Release|Any CPU
	EndGlobalSection
	GlobalSection(ProjectConfigurationPlatforms) = postSolution
		{EA2E5BA0-0B75-41FA-B9E4-137041472617}.Debug|Any CPU.ActiveCfg = Debug|Any CPU
		{EA2E5BA0-0B75-41FA-B9E4-137041472617}.Debug|Any CPU.Build.0 = Debug|Any CPU
		{EA2E5BA0-0B75-41FA-B9E4-137041472617}.Release|Any CPU.ActiveCfg = Release|Any CPU
		{EA2E5BA0-0B75-41FA-B9E4-137041472617}.Release|Any CPU.Build.0 = Release|Any CPU
	EndGlobalSection
	GlobalSection(SolutionProperties) = preSolution
		HideSolutionNode = FALSE
	EndGlobalSection
	GlobalSection(ExtensibilityGlobals) = postSolution
		SolutionGuid = {545AD7D4-F9A6-4366-B1B1-0C7EB982950A}
	EndGlobalSection
EndGlobal
